[root]
name = "matrix-ircd"
version = "0.1.0"
dependencies = [
 "clap 2.16.2 (registry+https://github.com/rust-lang/crates.io-index)",
 "curl 0.3.8 (registry+https://github.com/rust-lang/crates.io-index)",
 "futures 0.1.3 (registry+https://github.com/rust-lang/crates.io-index)",
 "httparse 1.1.2 (registry+https://github.com/rust-lang/crates.io-index)",
 "lazy_static 0.2.1 (registry+https://github.com/rust-lang/crates.io-index)",
 "netbuf 0.3.6 (registry+https://github.com/rust-lang/crates.io-index)",
 "openssl 0.8.3 (registry+https://github.com/rust-lang/crates.io-index)",
 "pest 0.4.0 (registry+https://github.com/rust-lang/crates.io-index)",
 "quick-error 1.1.0 (registry+https://github.com/rust-lang/crates.io-index)",
 "rand 0.3.14 (registry+https://github.com/rust-lang/crates.io-index)",
 "serde 0.8.19 (registry+https://github.com/rust-lang/crates.io-index)",
 "serde_derive 0.8.19 (registry+https://github.com/rust-lang/crates.io-index)",
 "serde_json 0.8.3 (registry+https://github.com/rust-lang/crates.io-index)",
 "slog 1.3.2 (registry+https://github.com/rust-lang/crates.io-index)",
 "slog-term 1.3.3 (registry+https://github.com/rust-lang/crates.io-index)",
 "tasked-futures 0.1.0 (git+https://github.com/erikjohnston/tasked-futures.git)",
 "tokio-core 0.1.0 (registry+https://github.com/rust-lang/crates.io-index)",
 "tokio-dns 0.1.0 (git+https://github.com/erikjohnston/tokio-dns?branch=erikj/crates-io-deps)",
 "tokio-proto 0.1.0 (git+https://github.com/tokio-rs/tokio-proto)",
 "tokio-timer 0.1.0 (git+https://github.com/tokio-rs/tokio-timer)",
 "tokio-tls 0.1.0 (git+https://github.com/tokio-rs/tokio-tls)",
 "url 1.2.2 (registry+https://github.com/rust-lang/crates.io-index)",
]

[[package]]
name = "ansi_term"
version = "0.9.0"
source = "registry+https://github.com/rust-lang/crates.io-index"

[[package]]
name = "bitflags"
version = "0.4.0"
source = "registry+https://github.com/rust-lang/crates.io-index"

[[package]]
name = "bitflags"
version = "0.7.0"
source = "registry+https://github.com/rust-lang/crates.io-index"

[[package]]
name = "byteorder"
version = "0.5.3"
source = "registry+https://github.com/rust-lang/crates.io-index"

[[package]]
name = "bytes"
version = "0.4.0-dev"
source = "git+https://github.com/carllerche/bytes#d717fde5cae1daa2d3369e1ed7c84f735cc926ad"
dependencies = [
 "byteorder 0.5.3 (registry+https://github.com/rust-lang/crates.io-index)",
 "log 0.3.6 (registry+https://github.com/rust-lang/crates.io-index)",
]

[[package]]
name = "cfg-if"
version = "0.1.0"
source = "registry+https://github.com/rust-lang/crates.io-index"

[[package]]
name = "chrono"
version = "0.2.25"
source = "registry+https://github.com/rust-lang/crates.io-index"
dependencies = [
 "num 0.1.36 (registry+https://github.com/rust-lang/crates.io-index)",
 "time 0.1.35 (registry+https://github.com/rust-lang/crates.io-index)",
]

[[package]]
name = "clap"
version = "2.16.2"
source = "registry+https://github.com/rust-lang/crates.io-index"
dependencies = [
 "ansi_term 0.9.0 (registry+https://github.com/rust-lang/crates.io-index)",
 "bitflags 0.7.0 (registry+https://github.com/rust-lang/crates.io-index)",
 "libc 0.2.17 (registry+https://github.com/rust-lang/crates.io-index)",
 "strsim 0.5.1 (registry+https://github.com/rust-lang/crates.io-index)",
 "term_size 0.2.1 (registry+https://github.com/rust-lang/crates.io-index)",
 "unicode-segmentation 0.1.2 (registry+https://github.com/rust-lang/crates.io-index)",
 "unicode-width 0.1.3 (registry+https://github.com/rust-lang/crates.io-index)",
 "vec_map 0.6.0 (registry+https://github.com/rust-lang/crates.io-index)",
]

[[package]]
name = "core-foundation"
version = "0.2.2"
source = "registry+https://github.com/rust-lang/crates.io-index"
dependencies = [
 "core-foundation-sys 0.2.2 (registry+https://github.com/rust-lang/crates.io-index)",
 "libc 0.2.17 (registry+https://github.com/rust-lang/crates.io-index)",
]

[[package]]
name = "core-foundation-sys"
version = "0.2.2"
source = "registry+https://github.com/rust-lang/crates.io-index"
dependencies = [
 "libc 0.2.17 (registry+https://github.com/rust-lang/crates.io-index)",
]

[[package]]
name = "crossbeam"
version = "0.2.10"
source = "registry+https://github.com/rust-lang/crates.io-index"

[[package]]
name = "crypt32-sys"
version = "0.2.0"
source = "registry+https://github.com/rust-lang/crates.io-index"
dependencies = [
 "winapi 0.2.8 (registry+https://github.com/rust-lang/crates.io-index)",
 "winapi-build 0.1.1 (registry+https://github.com/rust-lang/crates.io-index)",
]

[[package]]
name = "curl"
version = "0.3.8"
source = "registry+https://github.com/rust-lang/crates.io-index"
dependencies = [
 "curl-sys 0.2.3 (registry+https://github.com/rust-lang/crates.io-index)",
 "libc 0.2.17 (registry+https://github.com/rust-lang/crates.io-index)",
 "openssl-sys 0.7.17 (registry+https://github.com/rust-lang/crates.io-index)",
 "winapi 0.2.8 (registry+https://github.com/rust-lang/crates.io-index)",
]

[[package]]
name = "curl-sys"
version = "0.2.3"
source = "registry+https://github.com/rust-lang/crates.io-index"
dependencies = [
 "gcc 0.3.38 (registry+https://github.com/rust-lang/crates.io-index)",
 "libc 0.2.17 (registry+https://github.com/rust-lang/crates.io-index)",
 "libz-sys 1.0.6 (registry+https://github.com/rust-lang/crates.io-index)",
 "openssl-sys 0.7.17 (registry+https://github.com/rust-lang/crates.io-index)",
 "pkg-config 0.3.8 (registry+https://github.com/rust-lang/crates.io-index)",
 "winapi 0.2.8 (registry+https://github.com/rust-lang/crates.io-index)",
]

[[package]]
name = "dtoa"
version = "0.2.2"
source = "registry+https://github.com/rust-lang/crates.io-index"

[[package]]
name = "futures"
version = "0.1.3"
source = "registry+https://github.com/rust-lang/crates.io-index"
dependencies = [
 "log 0.3.6 (registry+https://github.com/rust-lang/crates.io-index)",
]

[[package]]
name = "futures-cpupool"
version = "0.1.2"
source = "registry+https://github.com/rust-lang/crates.io-index"
dependencies = [
 "crossbeam 0.2.10 (registry+https://github.com/rust-lang/crates.io-index)",
 "futures 0.1.3 (registry+https://github.com/rust-lang/crates.io-index)",
 "num_cpus 1.1.0 (registry+https://github.com/rust-lang/crates.io-index)",
]

[[package]]
name = "gcc"
version = "0.3.38"
source = "registry+https://github.com/rust-lang/crates.io-index"

[[package]]
name = "gdi32-sys"
version = "0.2.0"
source = "registry+https://github.com/rust-lang/crates.io-index"
dependencies = [
 "winapi 0.2.8 (registry+https://github.com/rust-lang/crates.io-index)",
 "winapi-build 0.1.1 (registry+https://github.com/rust-lang/crates.io-index)",
]

[[package]]
name = "httparse"
version = "1.1.2"
source = "registry+https://github.com/rust-lang/crates.io-index"

[[package]]
name = "idna"
version = "0.1.0"
source = "registry+https://github.com/rust-lang/crates.io-index"
dependencies = [
 "matches 0.1.3 (registry+https://github.com/rust-lang/crates.io-index)",
 "unicode-bidi 0.2.3 (registry+https://github.com/rust-lang/crates.io-index)",
 "unicode-normalization 0.1.2 (registry+https://github.com/rust-lang/crates.io-index)",
]

[[package]]
name = "isatty"
version = "0.1.1"
source = "registry+https://github.com/rust-lang/crates.io-index"
dependencies = [
 "kernel32-sys 0.2.2 (registry+https://github.com/rust-lang/crates.io-index)",
 "libc 0.2.17 (registry+https://github.com/rust-lang/crates.io-index)",
 "winapi 0.2.8 (registry+https://github.com/rust-lang/crates.io-index)",
]

[[package]]
name = "itoa"
version = "0.1.1"
source = "registry+https://github.com/rust-lang/crates.io-index"

[[package]]
name = "kernel32-sys"
version = "0.2.2"
source = "registry+https://github.com/rust-lang/crates.io-index"
dependencies = [
 "winapi 0.2.8 (registry+https://github.com/rust-lang/crates.io-index)",
 "winapi-build 0.1.1 (registry+https://github.com/rust-lang/crates.io-index)",
]

[[package]]
name = "lazy_static"
version = "0.2.1"
source = "registry+https://github.com/rust-lang/crates.io-index"

[[package]]
name = "lazycell"
version = "0.4.0"
source = "registry+https://github.com/rust-lang/crates.io-index"

[[package]]
name = "libc"
version = "0.2.17"
source = "registry+https://github.com/rust-lang/crates.io-index"

[[package]]
name = "libressl-pnacl-sys"
version = "2.1.6"
source = "registry+https://github.com/rust-lang/crates.io-index"
dependencies = [
 "pnacl-build-helper 1.4.10 (registry+https://github.com/rust-lang/crates.io-index)",
]

[[package]]
name = "libz-sys"
version = "1.0.6"
source = "registry+https://github.com/rust-lang/crates.io-index"
dependencies = [
 "gcc 0.3.38 (registry+https://github.com/rust-lang/crates.io-index)",
 "libc 0.2.17 (registry+https://github.com/rust-lang/crates.io-index)",
 "pkg-config 0.3.8 (registry+https://github.com/rust-lang/crates.io-index)",
]

[[package]]
name = "log"
version = "0.3.6"
source = "registry+https://github.com/rust-lang/crates.io-index"

[[package]]
name = "matches"
version = "0.1.3"
source = "registry+https://github.com/rust-lang/crates.io-index"

[[package]]
name = "mio"
version = "0.6.0"
source = "registry+https://github.com/rust-lang/crates.io-index"
dependencies = [
 "kernel32-sys 0.2.2 (registry+https://github.com/rust-lang/crates.io-index)",
 "lazycell 0.4.0 (registry+https://github.com/rust-lang/crates.io-index)",
 "libc 0.2.17 (registry+https://github.com/rust-lang/crates.io-index)",
 "log 0.3.6 (registry+https://github.com/rust-lang/crates.io-index)",
 "miow 0.1.3 (registry+https://github.com/rust-lang/crates.io-index)",
 "net2 0.2.26 (registry+https://github.com/rust-lang/crates.io-index)",
 "nix 0.6.0 (registry+https://github.com/rust-lang/crates.io-index)",
 "slab 0.3.0 (registry+https://github.com/rust-lang/crates.io-index)",
 "winapi 0.2.8 (registry+https://github.com/rust-lang/crates.io-index)",
]

[[package]]
name = "miow"
version = "0.1.3"
source = "registry+https://github.com/rust-lang/crates.io-index"
dependencies = [
 "kernel32-sys 0.2.2 (registry+https://github.com/rust-lang/crates.io-index)",
 "net2 0.2.26 (registry+https://github.com/rust-lang/crates.io-index)",
 "winapi 0.2.8 (registry+https://github.com/rust-lang/crates.io-index)",
 "ws2_32-sys 0.2.1 (registry+https://github.com/rust-lang/crates.io-index)",
]

[[package]]
name = "net2"
version = "0.2.26"
source = "registry+https://github.com/rust-lang/crates.io-index"
dependencies = [
 "cfg-if 0.1.0 (registry+https://github.com/rust-lang/crates.io-index)",
 "kernel32-sys 0.2.2 (registry+https://github.com/rust-lang/crates.io-index)",
 "libc 0.2.17 (registry+https://github.com/rust-lang/crates.io-index)",
 "winapi 0.2.8 (registry+https://github.com/rust-lang/crates.io-index)",
 "ws2_32-sys 0.2.1 (registry+https://github.com/rust-lang/crates.io-index)",
]

[[package]]
name = "netbuf"
version = "0.3.6"
source = "registry+https://github.com/rust-lang/crates.io-index"

[[package]]
name = "nix"
version = "0.6.0"
source = "registry+https://github.com/rust-lang/crates.io-index"
dependencies = [
 "bitflags 0.4.0 (registry+https://github.com/rust-lang/crates.io-index)",
 "cfg-if 0.1.0 (registry+https://github.com/rust-lang/crates.io-index)",
 "libc 0.2.17 (registry+https://github.com/rust-lang/crates.io-index)",
 "rustc_version 0.1.7 (registry+https://github.com/rust-lang/crates.io-index)",
 "semver 0.1.20 (registry+https://github.com/rust-lang/crates.io-index)",
 "void 1.0.2 (registry+https://github.com/rust-lang/crates.io-index)",
]

[[package]]
name = "num"
version = "0.1.36"
source = "registry+https://github.com/rust-lang/crates.io-index"
dependencies = [
 "num-integer 0.1.32 (registry+https://github.com/rust-lang/crates.io-index)",
 "num-iter 0.1.32 (registry+https://github.com/rust-lang/crates.io-index)",
 "num-traits 0.1.36 (registry+https://github.com/rust-lang/crates.io-index)",
]

[[package]]
name = "num-integer"
version = "0.1.32"
source = "registry+https://github.com/rust-lang/crates.io-index"
dependencies = [
 "num-traits 0.1.36 (registry+https://github.com/rust-lang/crates.io-index)",
]

[[package]]
name = "num-iter"
version = "0.1.32"
source = "registry+https://github.com/rust-lang/crates.io-index"
dependencies = [
 "num-integer 0.1.32 (registry+https://github.com/rust-lang/crates.io-index)",
 "num-traits 0.1.36 (registry+https://github.com/rust-lang/crates.io-index)",
]

[[package]]
name = "num-traits"
version = "0.1.36"
source = "registry+https://github.com/rust-lang/crates.io-index"

[[package]]
name = "num_cpus"
version = "1.1.0"
source = "registry+https://github.com/rust-lang/crates.io-index"
dependencies = [
 "libc 0.2.17 (registry+https://github.com/rust-lang/crates.io-index)",
]

[[package]]
name = "openssl"
version = "0.8.3"
source = "registry+https://github.com/rust-lang/crates.io-index"
dependencies = [
 "bitflags 0.7.0 (registry+https://github.com/rust-lang/crates.io-index)",
 "gcc 0.3.38 (registry+https://github.com/rust-lang/crates.io-index)",
 "lazy_static 0.2.1 (registry+https://github.com/rust-lang/crates.io-index)",
 "libc 0.2.17 (registry+https://github.com/rust-lang/crates.io-index)",
 "openssl-sys 0.7.17 (registry+https://github.com/rust-lang/crates.io-index)",
]

[[package]]
name = "openssl-sys"
version = "0.7.17"
source = "registry+https://github.com/rust-lang/crates.io-index"
dependencies = [
 "gdi32-sys 0.2.0 (registry+https://github.com/rust-lang/crates.io-index)",
 "libc 0.2.17 (registry+https://github.com/rust-lang/crates.io-index)",
 "libressl-pnacl-sys 2.1.6 (registry+https://github.com/rust-lang/crates.io-index)",
 "pkg-config 0.3.8 (registry+https://github.com/rust-lang/crates.io-index)",
 "user32-sys 0.2.0 (registry+https://github.com/rust-lang/crates.io-index)",
]

[[package]]
name = "openssl-verify"
version = "0.2.0"
source = "registry+https://github.com/rust-lang/crates.io-index"
dependencies = [
 "openssl 0.8.3 (registry+https://github.com/rust-lang/crates.io-index)",
]

[[package]]
name = "pest"
version = "0.4.0"
source = "registry+https://github.com/rust-lang/crates.io-index"

[[package]]
name = "pkg-config"
version = "0.3.8"
source = "registry+https://github.com/rust-lang/crates.io-index"

[[package]]
name = "pnacl-build-helper"
version = "1.4.10"
source = "registry+https://github.com/rust-lang/crates.io-index"
dependencies = [
 "tempdir 0.3.5 (registry+https://github.com/rust-lang/crates.io-index)",
]

[[package]]
name = "quick-error"
version = "1.1.0"
source = "registry+https://github.com/rust-lang/crates.io-index"

[[package]]
name = "quote"
version = "0.3.5"
source = "registry+https://github.com/rust-lang/crates.io-index"

[[package]]
name = "rand"
version = "0.3.14"
source = "registry+https://github.com/rust-lang/crates.io-index"
dependencies = [
 "libc 0.2.17 (registry+https://github.com/rust-lang/crates.io-index)",
]

[[package]]
name = "rustc_version"
version = "0.1.7"
source = "registry+https://github.com/rust-lang/crates.io-index"
dependencies = [
 "semver 0.1.20 (registry+https://github.com/rust-lang/crates.io-index)",
]

[[package]]
name = "schannel"
version = "0.1.0"
source = "registry+https://github.com/rust-lang/crates.io-index"
dependencies = [
 "crypt32-sys 0.2.0 (registry+https://github.com/rust-lang/crates.io-index)",
 "kernel32-sys 0.2.2 (registry+https://github.com/rust-lang/crates.io-index)",
 "lazy_static 0.2.1 (registry+https://github.com/rust-lang/crates.io-index)",
 "secur32-sys 0.2.0 (registry+https://github.com/rust-lang/crates.io-index)",
 "winapi 0.2.8 (registry+https://github.com/rust-lang/crates.io-index)",
]

[[package]]
name = "scoped-tls"
version = "0.1.0"
source = "registry+https://github.com/rust-lang/crates.io-index"

[[package]]
name = "secur32-sys"
version = "0.2.0"
source = "registry+https://github.com/rust-lang/crates.io-index"
dependencies = [
 "winapi 0.2.8 (registry+https://github.com/rust-lang/crates.io-index)",
 "winapi-build 0.1.1 (registry+https://github.com/rust-lang/crates.io-index)",
]

[[package]]
name = "security-framework"
version = "0.1.8"
source = "registry+https://github.com/rust-lang/crates.io-index"
dependencies = [
 "core-foundation 0.2.2 (registry+https://github.com/rust-lang/crates.io-index)",
 "core-foundation-sys 0.2.2 (registry+https://github.com/rust-lang/crates.io-index)",
 "libc 0.2.17 (registry+https://github.com/rust-lang/crates.io-index)",
 "security-framework-sys 0.1.8 (registry+https://github.com/rust-lang/crates.io-index)",
]

[[package]]
name = "security-framework-sys"
version = "0.1.8"
source = "registry+https://github.com/rust-lang/crates.io-index"
dependencies = [
 "core-foundation-sys 0.2.2 (registry+https://github.com/rust-lang/crates.io-index)",
 "libc 0.2.17 (registry+https://github.com/rust-lang/crates.io-index)",
]

[[package]]
name = "semver"
version = "0.1.20"
source = "registry+https://github.com/rust-lang/crates.io-index"

[[package]]
name = "serde"
version = "0.8.19"
source = "registry+https://github.com/rust-lang/crates.io-index"

[[package]]
name = "serde_codegen"
version = "0.8.19"
source = "registry+https://github.com/rust-lang/crates.io-index"
dependencies = [
 "quote 0.3.5 (registry+https://github.com/rust-lang/crates.io-index)",
 "serde_codegen_internals 0.11.1 (registry+https://github.com/rust-lang/crates.io-index)",
 "syn 0.10.3 (registry+https://github.com/rust-lang/crates.io-index)",
]

[[package]]
name = "serde_codegen_internals"
version = "0.11.1"
source = "registry+https://github.com/rust-lang/crates.io-index"
dependencies = [
 "syn 0.10.3 (registry+https://github.com/rust-lang/crates.io-index)",
]

[[package]]
name = "serde_derive"
version = "0.8.19"
source = "registry+https://github.com/rust-lang/crates.io-index"
dependencies = [
 "serde_codegen 0.8.19 (registry+https://github.com/rust-lang/crates.io-index)",
]

[[package]]
name = "serde_json"
version = "0.8.3"
source = "registry+https://github.com/rust-lang/crates.io-index"
dependencies = [
 "dtoa 0.2.2 (registry+https://github.com/rust-lang/crates.io-index)",
 "itoa 0.1.1 (registry+https://github.com/rust-lang/crates.io-index)",
 "num-traits 0.1.36 (registry+https://github.com/rust-lang/crates.io-index)",
 "serde 0.8.19 (registry+https://github.com/rust-lang/crates.io-index)",
]

[[package]]
name = "slab"
version = "0.3.0"
source = "registry+https://github.com/rust-lang/crates.io-index"

[[package]]
name = "slog"
version = "1.3.2"
source = "registry+https://github.com/rust-lang/crates.io-index"

[[package]]
name = "slog-extra"
version = "0.1.1"
source = "registry+https://github.com/rust-lang/crates.io-index"
dependencies = [
 "slog 1.3.2 (registry+https://github.com/rust-lang/crates.io-index)",
 "thread_local 0.2.7 (registry+https://github.com/rust-lang/crates.io-index)",
]

[[package]]
name = "slog-stream"
version = "1.2.0"
source = "registry+https://github.com/rust-lang/crates.io-index"
dependencies = [
 "slog 1.3.2 (registry+https://github.com/rust-lang/crates.io-index)",
 "slog-extra 0.1.1 (registry+https://github.com/rust-lang/crates.io-index)",
 "thread_local 0.2.7 (registry+https://github.com/rust-lang/crates.io-index)",
]

[[package]]
name = "slog-term"
version = "1.3.3"
source = "registry+https://github.com/rust-lang/crates.io-index"
dependencies = [
 "chrono 0.2.25 (registry+https://github.com/rust-lang/crates.io-index)",
 "isatty 0.1.1 (registry+https://github.com/rust-lang/crates.io-index)",
 "slog 1.3.2 (registry+https://github.com/rust-lang/crates.io-index)",
 "slog-stream 1.2.0 (registry+https://github.com/rust-lang/crates.io-index)",
]

[[package]]
name = "smallvec"
version = "0.2.1"
source = "registry+https://github.com/rust-lang/crates.io-index"

[[package]]
name = "strsim"
version = "0.5.1"
source = "registry+https://github.com/rust-lang/crates.io-index"

[[package]]
name = "syn"
version = "0.10.3"
source = "registry+https://github.com/rust-lang/crates.io-index"
dependencies = [
 "quote 0.3.5 (registry+https://github.com/rust-lang/crates.io-index)",
 "unicode-xid 0.0.3 (registry+https://github.com/rust-lang/crates.io-index)",
]

[[package]]
name = "take"
version = "0.1.0"
source = "registry+https://github.com/rust-lang/crates.io-index"

[[package]]
name = "tasked-futures"
version = "0.1.0"
source = "git+https://github.com/erikjohnston/tasked-futures.git#75618d325886bce23efd8285e926657df80b4ab8"
dependencies = [
 "futures 0.1.3 (registry+https://github.com/rust-lang/crates.io-index)",
]

[[package]]
name = "tempdir"
version = "0.3.5"
source = "registry+https://github.com/rust-lang/crates.io-index"
dependencies = [
 "rand 0.3.14 (registry+https://github.com/rust-lang/crates.io-index)",
]

[[package]]
name = "term_size"
version = "0.2.1"
source = "registry+https://github.com/rust-lang/crates.io-index"
dependencies = [
 "kernel32-sys 0.2.2 (registry+https://github.com/rust-lang/crates.io-index)",
 "libc 0.2.17 (registry+https://github.com/rust-lang/crates.io-index)",
 "winapi 0.2.8 (registry+https://github.com/rust-lang/crates.io-index)",
]

[[package]]
name = "thread-id"
version = "2.0.0"
source = "registry+https://github.com/rust-lang/crates.io-index"
dependencies = [
 "kernel32-sys 0.2.2 (registry+https://github.com/rust-lang/crates.io-index)",
 "libc 0.2.17 (registry+https://github.com/rust-lang/crates.io-index)",
]

[[package]]
name = "thread_local"
version = "0.2.7"
source = "registry+https://github.com/rust-lang/crates.io-index"
dependencies = [
 "thread-id 2.0.0 (registry+https://github.com/rust-lang/crates.io-index)",
]

[[package]]
name = "time"
version = "0.1.35"
source = "registry+https://github.com/rust-lang/crates.io-index"
dependencies = [
 "kernel32-sys 0.2.2 (registry+https://github.com/rust-lang/crates.io-index)",
 "libc 0.2.17 (registry+https://github.com/rust-lang/crates.io-index)",
 "winapi 0.2.8 (registry+https://github.com/rust-lang/crates.io-index)",
]

[[package]]
name = "tokio-core"
version = "0.1.0"
source = "registry+https://github.com/rust-lang/crates.io-index"
dependencies = [
 "futures 0.1.3 (registry+https://github.com/rust-lang/crates.io-index)",
 "log 0.3.6 (registry+https://github.com/rust-lang/crates.io-index)",
 "mio 0.6.0 (registry+https://github.com/rust-lang/crates.io-index)",
 "scoped-tls 0.1.0 (registry+https://github.com/rust-lang/crates.io-index)",
 "slab 0.3.0 (registry+https://github.com/rust-lang/crates.io-index)",
]

[[package]]
name = "tokio-dns"
version = "0.1.0"
source = "git+https://github.com/erikjohnston/tokio-dns?branch=erikj/crates-io-deps#2b936c077afedf917942ca42572d6dd3b483c84f"
dependencies = [
 "futures 0.1.3 (registry+https://github.com/rust-lang/crates.io-index)",
 "futures-cpupool 0.1.2 (registry+https://github.com/rust-lang/crates.io-index)",
 "lazy_static 0.2.1 (registry+https://github.com/rust-lang/crates.io-index)",
 "log 0.3.6 (registry+https://github.com/rust-lang/crates.io-index)",
 "tokio-core 0.1.0 (registry+https://github.com/rust-lang/crates.io-index)",
]

[[package]]
name = "tokio-proto"
version = "0.1.0"
source = "git+https://github.com/tokio-rs/tokio-proto#ea7bfa2a6a0dae601ee152d6298ce5b7e7e966e5"
dependencies = [
 "bytes 0.4.0-dev (git+https://github.com/carllerche/bytes)",
 "futures 0.1.3 (registry+https://github.com/rust-lang/crates.io-index)",
 "log 0.3.6 (registry+https://github.com/rust-lang/crates.io-index)",
 "rand 0.3.14 (registry+https://github.com/rust-lang/crates.io-index)",
 "slab 0.3.0 (registry+https://github.com/rust-lang/crates.io-index)",
 "smallvec 0.2.1 (registry+https://github.com/rust-lang/crates.io-index)",
 "take 0.1.0 (registry+https://github.com/rust-lang/crates.io-index)",
 "tokio-core 0.1.0 (registry+https://github.com/rust-lang/crates.io-index)",
 "tokio-service 0.1.0 (git+https://github.com/tokio-rs/tokio-service)",
]

[[package]]
name = "tokio-service"
version = "0.1.0"
source = "git+https://github.com/tokio-rs/tokio-service#92eccdc149111deb4d1b621effd2422976ed95e8"
dependencies = [
 "futures 0.1.3 (registry+https://github.com/rust-lang/crates.io-index)",
]

[[package]]
name = "tokio-timer"
version = "0.1.0"
source = "git+https://github.com/tokio-rs/tokio-timer#4acaed628ec796350490fe36ed16169a3bb1e143"
dependencies = [
 "futures 0.1.3 (registry+https://github.com/rust-lang/crates.io-index)",
 "log 0.3.6 (registry+https://github.com/rust-lang/crates.io-index)",
 "slab 0.3.0 (registry+https://github.com/rust-lang/crates.io-index)",
]

[[package]]
name = "tokio-tls"
version = "0.1.0"
source = "git+https://github.com/tokio-rs/tokio-tls#3d49e52e54123686598d7b953727743a323a5d4a"
dependencies = [
 "cfg-if 0.1.0 (registry+https://github.com/rust-lang/crates.io-index)",
 "futures 0.1.3 (registry+https://github.com/rust-lang/crates.io-index)",
 "log 0.3.6 (registry+https://github.com/rust-lang/crates.io-index)",
 "openssl 0.8.3 (registry+https://github.com/rust-lang/crates.io-index)",
 "openssl-verify 0.2.0 (registry+https://github.com/rust-lang/crates.io-index)",
 "schannel 0.1.0 (registry+https://github.com/rust-lang/crates.io-index)",
 "security-framework 0.1.8 (registry+https://github.com/rust-lang/crates.io-index)",
 "tokio-core 0.1.0 (registry+https://github.com/rust-lang/crates.io-index)",
]

[[package]]
name = "unicode-bidi"
version = "0.2.3"
source = "registry+https://github.com/rust-lang/crates.io-index"
dependencies = [
 "matches 0.1.3 (registry+https://github.com/rust-lang/crates.io-index)",
]

[[package]]
name = "unicode-normalization"
version = "0.1.2"
source = "registry+https://github.com/rust-lang/crates.io-index"

[[package]]
name = "unicode-segmentation"
version = "0.1.2"
source = "registry+https://github.com/rust-lang/crates.io-index"

[[package]]
name = "unicode-width"
version = "0.1.3"
source = "registry+https://github.com/rust-lang/crates.io-index"

[[package]]
name = "unicode-xid"
version = "0.0.3"
source = "registry+https://github.com/rust-lang/crates.io-index"

[[package]]
name = "url"
version = "1.2.2"
source = "registry+https://github.com/rust-lang/crates.io-index"
dependencies = [
 "idna 0.1.0 (registry+https://github.com/rust-lang/crates.io-index)",
 "matches 0.1.3 (registry+https://github.com/rust-lang/crates.io-index)",
]

[[package]]
name = "user32-sys"
version = "0.2.0"
source = "registry+https://github.com/rust-lang/crates.io-index"
dependencies = [
 "winapi 0.2.8 (registry+https://github.com/rust-lang/crates.io-index)",
 "winapi-build 0.1.1 (registry+https://github.com/rust-lang/crates.io-index)",
]

[[package]]
name = "vec_map"
version = "0.6.0"
source = "registry+https://github.com/rust-lang/crates.io-index"

[[package]]
name = "void"
version = "1.0.2"
source = "registry+https://github.com/rust-lang/crates.io-index"

[[package]]
name = "winapi"
version = "0.2.8"
source = "registry+https://github.com/rust-lang/crates.io-index"

[[package]]
name = "winapi-build"
version = "0.1.1"
source = "registry+https://github.com/rust-lang/crates.io-index"

[[package]]
name = "ws2_32-sys"
version = "0.2.1"
source = "registry+https://github.com/rust-lang/crates.io-index"
dependencies = [
 "winapi 0.2.8 (registry+https://github.com/rust-lang/crates.io-index)",
 "winapi-build 0.1.1 (registry+https://github.com/rust-lang/crates.io-index)",
]

[metadata]
"checksum ansi_term 0.9.0 (registry+https://github.com/rust-lang/crates.io-index)" = "23ac7c30002a5accbf7e8987d0632fa6de155b7c3d39d0067317a391e00a2ef6"
"checksum bitflags 0.4.0 (registry+https://github.com/rust-lang/crates.io-index)" = "8dead7461c1127cf637931a1e50934eb6eee8bff2f74433ac7909e9afcee04a3"
"checksum bitflags 0.7.0 (registry+https://github.com/rust-lang/crates.io-index)" = "aad18937a628ec6abcd26d1489012cc0e18c21798210f491af69ded9b881106d"
"checksum byteorder 0.5.3 (registry+https://github.com/rust-lang/crates.io-index)" = "0fc10e8cc6b2580fda3f36eb6dc5316657f812a3df879a44a66fc9f0fdbc4855"
"checksum bytes 0.4.0-dev (git+https://github.com/carllerche/bytes)" = "<none>"
"checksum cfg-if 0.1.0 (registry+https://github.com/rust-lang/crates.io-index)" = "de1e760d7b6535af4241fca8bd8adf68e2e7edacc6b29f5d399050c5e48cf88c"
"checksum chrono 0.2.25 (registry+https://github.com/rust-lang/crates.io-index)" = "9213f7cd7c27e95c2b57c49f0e69b1ea65b27138da84a170133fd21b07659c00"
"checksum clap 2.16.2 (registry+https://github.com/rust-lang/crates.io-index)" = "08aac7b078ec0a58e1d4b43cfb11d47001f8eb7c6f6f2bda4f5eed43c82491f1"
"checksum core-foundation 0.2.2 (registry+https://github.com/rust-lang/crates.io-index)" = "20a6d0448d3a99d977ae4a2aa5a98d886a923e863e81ad9ff814645b6feb3bbd"
"checksum core-foundation-sys 0.2.2 (registry+https://github.com/rust-lang/crates.io-index)" = "05eed248dc504a5391c63794fe4fb64f46f071280afaa1b73308f3c0ce4574c5"
"checksum crossbeam 0.2.10 (registry+https://github.com/rust-lang/crates.io-index)" = "0c5ea215664ca264da8a9d9c3be80d2eaf30923c259d03e870388eb927508f97"
"checksum crypt32-sys 0.2.0 (registry+https://github.com/rust-lang/crates.io-index)" = "e34988f7e069e0b2f3bfc064295161e489b2d4e04a2e4248fb94360cdf00b4ec"
"checksum curl 0.3.8 (registry+https://github.com/rust-lang/crates.io-index)" = "180f002567c2e45472018922f2cda208aad6effa0a09e7704bc8313e53a59f9f"
"checksum curl-sys 0.2.3 (registry+https://github.com/rust-lang/crates.io-index)" = "4ae8698d4d2bc4b8182a11f4a5298fa03d2127c29e95dbae538d0cf003141818"
"checksum dtoa 0.2.2 (registry+https://github.com/rust-lang/crates.io-index)" = "0dd841b58510c9618291ffa448da2e4e0f699d984d436122372f446dae62263d"
"checksum futures 0.1.3 (registry+https://github.com/rust-lang/crates.io-index)" = "3dd89497091f8c5d3a65c6b4baf6d2f0731937a7c9217d2f89141b21437a9d96"
"checksum futures-cpupool 0.1.2 (registry+https://github.com/rust-lang/crates.io-index)" = "bb982bb25cd8fa5da6a8eb3a460354c984ff1113da82bcb4f0b0862b5795db82"
"checksum gcc 0.3.38 (registry+https://github.com/rust-lang/crates.io-index)" = "553f11439bdefe755bf366b264820f1da70f3aaf3924e594b886beb9c831bcf5"
"checksum gdi32-sys 0.2.0 (registry+https://github.com/rust-lang/crates.io-index)" = "0912515a8ff24ba900422ecda800b52f4016a56251922d397c576bf92c690518"
"checksum httparse 1.1.2 (registry+https://github.com/rust-lang/crates.io-index)" = "46534074dbb80b070d60a5cb8ecadd8963a00a438ae1a95268850a7ef73b67ae"
"checksum idna 0.1.0 (registry+https://github.com/rust-lang/crates.io-index)" = "1053236e00ce4f668aeca4a769a09b3bf5a682d802abd6f3cb39374f6b162c11"
"checksum isatty 0.1.1 (registry+https://github.com/rust-lang/crates.io-index)" = "7408a548dc0e406b7912d9f84c261cc533c1866e047644a811c133c56041ac0c"
"checksum itoa 0.1.1 (registry+https://github.com/rust-lang/crates.io-index)" = "ae3088ea4baeceb0284ee9eea42f591226e6beaecf65373e41b38d95a1b8e7a1"
"checksum kernel32-sys 0.2.2 (registry+https://github.com/rust-lang/crates.io-index)" = "7507624b29483431c0ba2d82aece8ca6cdba9382bff4ddd0f7490560c056098d"
"checksum lazy_static 0.2.1 (registry+https://github.com/rust-lang/crates.io-index)" = "49247ec2a285bb3dcb23cbd9c35193c025e7251bfce77c1d5da97e6362dffe7f"
"checksum lazycell 0.4.0 (registry+https://github.com/rust-lang/crates.io-index)" = "ce12306c4739d86ee97c23139f3a34ddf0387bbf181bc7929d287025a8c3ef6b"
"checksum libc 0.2.17 (registry+https://github.com/rust-lang/crates.io-index)" = "044d1360593a78f5c8e5e710beccdc24ab71d1f01bc19a29bcacdba22e8475d8"
"checksum libressl-pnacl-sys 2.1.6 (registry+https://github.com/rust-lang/crates.io-index)" = "cbc058951ab6a3ef35ca16462d7642c4867e6403520811f28537a4e2f2db3e71"
"checksum libz-sys 1.0.6 (registry+https://github.com/rust-lang/crates.io-index)" = "40f2df7730b5d29426c3e44ce4d088d8c5def6471c2c93ba98585b89fb201ce6"
"checksum log 0.3.6 (registry+https://github.com/rust-lang/crates.io-index)" = "ab83497bf8bf4ed2a74259c1c802351fcd67a65baa86394b6ba73c36f4838054"
"checksum matches 0.1.3 (registry+https://github.com/rust-lang/crates.io-index)" = "bcc3ad8109fa4b522f9b0cd81440422781f564aaf8c195de6b9d6642177ad0dd"
"checksum mio 0.6.0 (registry+https://github.com/rust-lang/crates.io-index)" = "2dadd39d4b47343e10513ac2a731c979517a4761224ecb6bbd243602300c9537"
"checksum miow 0.1.3 (registry+https://github.com/rust-lang/crates.io-index)" = "d5bfc6782530ac8ace97af10a540054a37126b63b0702ddaaa243b73b5745b9a"
"checksum net2 0.2.26 (registry+https://github.com/rust-lang/crates.io-index)" = "5edf9cb6be97212423aed9413dd4729d62b370b5e1c571750e882cebbbc1e3e2"
"checksum netbuf 0.3.6 (registry+https://github.com/rust-lang/crates.io-index)" = "2e1e49088c1ca3bfe635eb534b79b277bacc5df905d37ddae2213b1bb7ca5927"
"checksum nix 0.6.0 (registry+https://github.com/rust-lang/crates.io-index)" = "7a7bb1da2be7da3cbffda73fc681d509ffd9e665af478d2bee1907cee0bc64b2"
"checksum num 0.1.36 (registry+https://github.com/rust-lang/crates.io-index)" = "bde7c03b09e7c6a301ee81f6ddf66d7a28ec305699e3d3b056d2fc56470e3120"
"checksum num-integer 0.1.32 (registry+https://github.com/rust-lang/crates.io-index)" = "fb24d9bfb3f222010df27995441ded1e954f8f69cd35021f6bef02ca9552fb92"
"checksum num-iter 0.1.32 (registry+https://github.com/rust-lang/crates.io-index)" = "287a1c9969a847055e1122ec0ea7a5c5d6f72aad97934e131c83d5c08ab4e45c"
"checksum num-traits 0.1.36 (registry+https://github.com/rust-lang/crates.io-index)" = "a16a42856a256b39c6d3484f097f6713e14feacd9bfb02290917904fae46c81c"
"checksum num_cpus 1.1.0 (registry+https://github.com/rust-lang/crates.io-index)" = "8890e6084723d57d0df8d2720b0d60c6ee67d6c93e7169630e4371e88765dcad"
"checksum openssl 0.8.3 (registry+https://github.com/rust-lang/crates.io-index)" = "b11754cb6c81bb9e62faaf0eb6d94dde2aab0928c04db5078b74242880f35eb1"
"checksum openssl-sys 0.7.17 (registry+https://github.com/rust-lang/crates.io-index)" = "89c47ee94c352eea9ddaf8e364be7f978a3bb6d66d73176572484238dd5a5c3f"
"checksum openssl-verify 0.2.0 (registry+https://github.com/rust-lang/crates.io-index)" = "8d58c0494a0a51babcc2c30b19f54dfffcca7c4af5adb557ae078ca63ce933d4"
"checksum pest 0.4.0 (registry+https://github.com/rust-lang/crates.io-index)" = "2f6666c81a6359af7a9dbc48f596d6f318a9dbaefdec248581ab836dc0c1f082"
"checksum pkg-config 0.3.8 (registry+https://github.com/rust-lang/crates.io-index)" = "8cee804ecc7eaf201a4a207241472cc870e825206f6c031e3ee2a72fa425f2fa"
"checksum pnacl-build-helper 1.4.10 (registry+https://github.com/rust-lang/crates.io-index)" = "61c9231d31aea845007443d62fcbb58bb6949ab9c18081ee1e09920e0cf1118b"
"checksum quick-error 1.1.0 (registry+https://github.com/rust-lang/crates.io-index)" = "0aad603e8d7fb67da22dbdf1f4b826ce8829e406124109e73cf1b2454b93a71c"
"checksum quote 0.3.5 (registry+https://github.com/rust-lang/crates.io-index)" = "ea1e0c9bc6bfb0a60d539aab6e338207c1a5456e62f5bd5375132cee119aa4b3"
"checksum rand 0.3.14 (registry+https://github.com/rust-lang/crates.io-index)" = "2791d88c6defac799c3f20d74f094ca33b9332612d9aef9078519c82e4fe04a5"
"checksum rustc_version 0.1.7 (registry+https://github.com/rust-lang/crates.io-index)" = "c5f5376ea5e30ce23c03eb77cbe4962b988deead10910c372b226388b594c084"
"checksum schannel 0.1.0 (registry+https://github.com/rust-lang/crates.io-index)" = "4183ac471f97fe3e84803e81e40eba6612db22354095321a84000f495845bb09"
"checksum scoped-tls 0.1.0 (registry+https://github.com/rust-lang/crates.io-index)" = "f417c22df063e9450888a7561788e9bd46d3bb3c1466435b4eccb903807f147d"
"checksum secur32-sys 0.2.0 (registry+https://github.com/rust-lang/crates.io-index)" = "3f412dfa83308d893101dd59c10d6fda8283465976c28c287c5c855bf8d216bc"
"checksum security-framework 0.1.8 (registry+https://github.com/rust-lang/crates.io-index)" = "0b0fdc8ce5be3ef84c4d96ccb2303eddeeb03c513279c94fe692d1e19553d04e"
"checksum security-framework-sys 0.1.8 (registry+https://github.com/rust-lang/crates.io-index)" = "bf1f0e9f54b681c0b62c72ddc772a3558621a648e13a29dfc2ec1135f82f7d26"
"checksum semver 0.1.20 (registry+https://github.com/rust-lang/crates.io-index)" = "d4f410fedcf71af0345d7607d246e7ad15faaadd49d240ee3b24e5dc21a820ac"
"checksum serde 0.8.19 (registry+https://github.com/rust-lang/crates.io-index)" = "58a19c0871c298847e6b68318484685cd51fa5478c0c905095647540031356e5"
"checksum serde_codegen 0.8.19 (registry+https://github.com/rust-lang/crates.io-index)" = "ce29a6ae259579707650ec292199b5fed2c0b8e2a4bdc994452d24d1bcf2242a"
"checksum serde_codegen_internals 0.11.1 (registry+https://github.com/rust-lang/crates.io-index)" = "59933a62554548c690d2673c5164f0c4a46be7c5731edfd94b0ecb1048940732"
"checksum serde_derive 0.8.19 (registry+https://github.com/rust-lang/crates.io-index)" = "a4b541549c4207d3602c9abcc3e31252e91751674264eb85c103bb20197054b4"
"checksum serde_json 0.8.3 (registry+https://github.com/rust-lang/crates.io-index)" = "1cb6b19e74d9f65b9d03343730b643d729a446b29376785cd65efdff4675e2fc"
"checksum slab 0.3.0 (registry+https://github.com/rust-lang/crates.io-index)" = "17b4fcaed89ab08ef143da37bc52adbcc04d4a69014f4c1208d6b51f0c47bc23"
"checksum slog 1.3.2 (registry+https://github.com/rust-lang/crates.io-index)" = "19138575064905f49832ef72c856d614a78c5b25881f93b48954bf593464b7f5"
"checksum slog-extra 0.1.1 (registry+https://github.com/rust-lang/crates.io-index)" = "f571614f815a4dc3aad7b9052d1e3eefd5ab76bb36efa90d4dc9ac134142b445"
"checksum slog-stream 1.2.0 (registry+https://github.com/rust-lang/crates.io-index)" = "e6f0fee00b80a7a44f82c5cf44ba03b6dc2712f9c14469a62ad90ea0911635c5"
"checksum slog-term 1.3.3 (registry+https://github.com/rust-lang/crates.io-index)" = "26f3e8b2e18043b47713bd27a01656077ddd2d903e8653285fd6b25140d73007"
"checksum smallvec 0.2.1 (registry+https://github.com/rust-lang/crates.io-index)" = "4c8cbcd6df1e117c2210e13ab5109635ad68a929fcbb8964dc965b76cb5ee013"
"checksum strsim 0.5.1 (registry+https://github.com/rust-lang/crates.io-index)" = "50c069df92e4b01425a8bf3576d5d417943a6a7272fbabaf5bd80b1aaa76442e"
"checksum syn 0.10.3 (registry+https://github.com/rust-lang/crates.io-index)" = "94e7d81ecd16d39f16193af05b8d5a0111b9d8d2f3f78f31760f327a247da777"
"checksum take 0.1.0 (registry+https://github.com/rust-lang/crates.io-index)" = "b157868d8ac1f56b64604539990685fa7611d8fa9e5476cf0c02cf34d32917c5"
"checksum tasked-futures 0.1.0 (git+https://github.com/erikjohnston/tasked-futures.git)" = "<none>"
"checksum tempdir 0.3.5 (registry+https://github.com/rust-lang/crates.io-index)" = "87974a6f5c1dfb344d733055601650059a3363de2a6104819293baff662132d6"
"checksum term_size 0.2.1 (registry+https://github.com/rust-lang/crates.io-index)" = "3f7f5f3f71b0040cecc71af239414c23fd3c73570f5ff54cf50e03cef637f2a0"
"checksum thread-id 2.0.0 (registry+https://github.com/rust-lang/crates.io-index)" = "a9539db560102d1cef46b8b78ce737ff0bb64e7e18d35b2a5688f7d097d0ff03"
"checksum thread_local 0.2.7 (registry+https://github.com/rust-lang/crates.io-index)" = "8576dbbfcaef9641452d5cf0df9b0e7eeab7694956dd33bb61515fb8f18cfdd5"
"checksum time 0.1.35 (registry+https://github.com/rust-lang/crates.io-index)" = "3c7ec6d62a20df54e07ab3b78b9a3932972f4b7981de295563686849eb3989af"
"checksum tokio-core 0.1.0 (registry+https://github.com/rust-lang/crates.io-index)" = "659cbae6c954dee37352853816c6a52180e47feb70be73bbfeec6d58c4da4a71"
"checksum tokio-dns 0.1.0 (git+https://github.com/erikjohnston/tokio-dns?branch=erikj/crates-io-deps)" = "<none>"
"checksum tokio-proto 0.1.0 (git+https://github.com/tokio-rs/tokio-proto)" = "<none>"
"checksum tokio-service 0.1.0 (git+https://github.com/tokio-rs/tokio-service)" = "<none>"
"checksum tokio-timer 0.1.0 (git+https://github.com/tokio-rs/tokio-timer)" = "<none>"
"checksum tokio-tls 0.1.0 (git+https://github.com/tokio-rs/tokio-tls)" = "<none>"
"checksum unicode-bidi 0.2.3 (registry+https://github.com/rust-lang/crates.io-index)" = "c1f7ceb96afdfeedee42bade65a0d585a6a0106f681b6749c8ff4daa8df30b3f"
"checksum unicode-normalization 0.1.2 (registry+https://github.com/rust-lang/crates.io-index)" = "26643a2f83bac55f1976fb716c10234485f9202dcd65cfbdf9da49867b271172"
"checksum unicode-segmentation 0.1.2 (registry+https://github.com/rust-lang/crates.io-index)" = "b905d0fc2a1f0befd86b0e72e31d1787944efef9d38b9358a9e92a69757f7e3b"
"checksum unicode-width 0.1.3 (registry+https://github.com/rust-lang/crates.io-index)" = "2d6722facc10989f63ee0e20a83cd4e1714a9ae11529403ac7e0afd069abc39e"
"checksum unicode-xid 0.0.3 (registry+https://github.com/rust-lang/crates.io-index)" = "36dff09cafb4ec7c8cf0023eb0b686cb6ce65499116a12201c9e11840ca01beb"
"checksum url 1.2.2 (registry+https://github.com/rust-lang/crates.io-index)" = "9ba5a45db1d2e0effb7a1c00cc73ffc63a973da8c7d1fcd5b46f24285ade6c54"
"checksum user32-sys 0.2.0 (registry+https://github.com/rust-lang/crates.io-index)" = "4ef4711d107b21b410a3a974b1204d9accc8b10dad75d8324b5d755de1617d47"
"checksum vec_map 0.6.0 (registry+https://github.com/rust-lang/crates.io-index)" = "cac5efe5cb0fa14ec2f84f83c701c562ee63f6dcc680861b21d65c682adfb05f"
"checksum void 1.0.2 (registry+https://github.com/rust-lang/crates.io-index)" = "6a02e4885ed3bc0f2de90ea6dd45ebcbb66dacffe03547fadbb0eeae2770887d"
"checksum winapi 0.2.8 (registry+https://github.com/rust-lang/crates.io-index)" = "167dc9d6949a9b857f3451275e911c3f44255842c1f7a76f33c55103a909087a"
"checksum winapi-build 0.1.1 (registry+https://github.com/rust-lang/crates.io-index)" = "2d315eee3b34aca4797b2da6b13ed88266e6d612562a0c46390af8299fc699bc"
"checksum ws2_32-sys 0.2.1 (registry+https://github.com/rust-lang/crates.io-index)" = "d59cefebd0c892fa2dd6de581e937301d8552cb44489cdff035c6187cb63fa5e"
